
Microsoft Visual Studio Solution File, Format Version 12.00
# Visual Studio Version 17
VisualStudioVersion = 17.1.32210.238
MinimumVisualStudioVersion = 10.0.40219.1
Project("{FAE04EC0-301F-11D3-BF4B-00C04F79EFBC}") = "Singleton", "Singleton\Singleton.csproj", "{99A67479-FE01-450E-AE39-98849D7418A7}"
EndProject
Project("{FAE04EC0-301F-11D3-BF4B-00C04F79EFBC}") = "FactoryMethod", "FactoryMethod\FactoryMethod.csproj", "{2C8451DF-49A8-4965-A261-EC7ABA40A891}"
EndProject
Project("{FAE04EC0-301F-11D3-BF4B-00C04F79EFBC}") = "AbstractFactory", "AbstractFactory\AbstractFactory.csproj", "{313796CF-C5C8-4B17-A302-6A3E3C02AAE4}"
EndProject
Project("{FAE04EC0-301F-11D3-BF4B-00C04F79EFBC}") = "Prototype", "Prototype\Prototype.csproj", "{C01157DC-3B6E-4B6F-82F3-F6814F660D88}"
EndProject
Project("{FAE04EC0-301F-11D3-BF4B-00C04F79EFBC}") = "Builder", "Builder\Builder.csproj", "{CC6B7AB4-FBB0-417A-B505-304B6655F01B}"
EndProject
Project("{FAE04EC0-301F-11D3-BF4B-00C04F79EFBC}") = "Facade", "Facade\Facade.csproj", "{24248437-5511-49F4-8EE2-6612FB00923F}"
EndProject
Project("{FAE04EC0-301F-11D3-BF4B-00C04F79EFBC}") = "Adapter", "Adapter\Adapter.csproj", "{F6BE47A1-5A3E-4C9F-AF2B-7A09D1EA5EB1}"
EndProject
Project("{FAE04EC0-301F-11D3-BF4B-00C04F79EFBC}") = "Composite", "Composite\Composite.csproj", "{10DBD04D-9218-43D0-9DC3-23A6733F4E43}"
EndProject
Project("{FAE04EC0-301F-11D3-BF4B-00C04F79EFBC}") = "Proxy", "Proxy\Proxy.csproj", "{173F5232-CCA6-4B19-AF13-283A41466B71}"
EndProject
Project("{FAE04EC0-301F-11D3-BF4B-00C04F79EFBC}") = "Decorator", "Decorator\Decorator.csproj", "{150E0D9B-5788-4FF4-A1B0-137CF943EBA6}"
EndProject
Project("{FAE04EC0-301F-11D3-BF4B-00C04F79EFBC}") = "Bridge", "Bridge\Bridge.csproj", "{6BD60AEF-AB35-41F9-A094-E6D0B5D93EA4}"
EndProject
Project("{FAE04EC0-301F-11D3-BF4B-00C04F79EFBC}") = "Strategy", "Strategy\Strategy.csproj", "{5E251005-EB2C-420B-85F8-1ED7FD5A5D13}"
EndProject
Project("{FAE04EC0-301F-11D3-BF4B-00C04F79EFBC}") = "Observer", "Observer\Observer.csproj", "{9C600E20-296B-4518-A073-7C2B1D792752}"
EndProject
Project("{FAE04EC0-301F-11D3-BF4B-00C04F79EFBC}") = "ChainOfResponsibility", "ChainOfResponsibility\ChainOfResponsibility.csproj", "{DD69E7E8-9FE7-42EE-BEE3-38ABB3E32640}"
EndProject
Project("{FAE04EC0-301F-11D3-BF4B-00C04F79EFBC}") = "Memento", "Memento\Memento.csproj", "{B8BA4637-7E07-48D2-A0A9-4BAFC6B93414}"
EndProject
Project("{FAE04EC0-301F-11D3-BF4B-00C04F79EFBC}") = "TemplateMethod", "TemplateMethod\TemplateMethod.csproj", "{D02E7FE0-0F48-4A32-A6E8-26E21F81C26A}"
EndProject
Global
	GlobalSection(SolutionConfigurationPlatforms) = preSolution
		Debug|Any CPU = Debug|Any CPU
		Release|Any CPU = Release|Any CPU
	EndGlobalSection
	GlobalSection(ProjectConfigurationPlatforms) = postSolution
		{99A67479-FE01-450E-AE39-98849D7418A7}.Debug|Any CPU.ActiveCfg = Debug|Any CPU
		{99A67479-FE01-450E-AE39-98849D7418A7}.Debug|Any CPU.Build.0 = Debug|Any CPU
		{99A67479-FE01-450E-AE39-98849D7418A7}.Release|Any CPU.ActiveCfg = Release|Any CPU
		{99A67479-FE01-450E-AE39-98849D7418A7}.Release|Any CPU.Build.0 = Release|Any CPU
		{2C8451DF-49A8-4965-A261-EC7ABA40A891}.Debug|Any CPU.ActiveCfg = Debug|Any CPU
		{2C8451DF-49A8-4965-A261-EC7ABA40A891}.Debug|Any CPU.Build.0 = Debug|Any CPU
		{2C8451DF-49A8-4965-A261-EC7ABA40A891}.Release|Any CPU.ActiveCfg = Release|Any CPU
		{2C8451DF-49A8-4965-A261-EC7ABA40A891}.Release|Any CPU.Build.0 = Release|Any CPU
		{313796CF-C5C8-4B17-A302-6A3E3C02AAE4}.Debug|Any CPU.ActiveCfg = Debug|Any CPU
		{313796CF-C5C8-4B17-A302-6A3E3C02AAE4}.Debug|Any CPU.Build.0 = Debug|Any CPU
		{313796CF-C5C8-4B17-A302-6A3E3C02AAE4}.Release|Any CPU.ActiveCfg = Release|Any CPU
		{313796CF-C5C8-4B17-A302-6A3E3C02AAE4}.Release|Any CPU.Build.0 = Release|Any CPU
		{C01157DC-3B6E-4B6F-82F3-F6814F660D88}.Debug|Any CPU.ActiveCfg = Debug|Any CPU
		{C01157DC-3B6E-4B6F-82F3-F6814F660D88}.Debug|Any CPU.Build.0 = Debug|Any CPU
		{C01157DC-3B6E-4B6F-82F3-F6814F660D88}.Release|Any CPU.ActiveCfg = Release|Any CPU
		{C01157DC-3B6E-4B6F-82F3-F6814F660D88}.Release|Any CPU.Build.0 = Release|Any CPU
		{CC6B7AB4-FBB0-417A-B505-304B6655F01B}.Debug|Any CPU.ActiveCfg = Debug|Any CPU
		{CC6B7AB4-FBB0-417A-B505-304B6655F01B}.Debug|Any CPU.Build.0 = Debug|Any CPU
		{CC6B7AB4-FBB0-417A-B505-304B6655F01B}.Release|Any CPU.ActiveCfg = Release|Any CPU
		{CC6B7AB4-FBB0-417A-B505-304B6655F01B}.Release|Any CPU.Build.0 = Release|Any CPU
		{24248437-5511-49F4-8EE2-6612FB00923F}.Debug|Any CPU.ActiveCfg = Debug|Any CPU
		{24248437-5511-49F4-8EE2-6612FB00923F}.Debug|Any CPU.Build.0 = Debug|Any CPU
		{24248437-5511-49F4-8EE2-6612FB00923F}.Release|Any CPU.ActiveCfg = Release|Any CPU
		{24248437-5511-49F4-8EE2-6612FB00923F}.Release|Any CPU.Build.0 = Release|Any CPU
		{F6BE47A1-5A3E-4C9F-AF2B-7A09D1EA5EB1}.Debug|Any CPU.ActiveCfg = Debug|Any CPU
		{F6BE47A1-5A3E-4C9F-AF2B-7A09D1EA5EB1}.Debug|Any CPU.Build.0 = Debug|Any CPU
		{F6BE47A1-5A3E-4C9F-AF2B-7A09D1EA5EB1}.Release|Any CPU.ActiveCfg = Release|Any CPU
		{F6BE47A1-5A3E-4C9F-AF2B-7A09D1EA5EB1}.Release|Any CPU.Build.0 = Release|Any CPU
		{10DBD04D-9218-43D0-9DC3-23A6733F4E43}.Debug|Any CPU.ActiveCfg = Debug|Any CPU
		{10DBD04D-9218-43D0-9DC3-23A6733F4E43}.Debug|Any CPU.Build.0 = Debug|Any CPU
		{10DBD04D-9218-43D0-9DC3-23A6733F4E43}.Release|Any CPU.ActiveCfg = Release|Any CPU
		{10DBD04D-9218-43D0-9DC3-23A6733F4E43}.Release|Any CPU.Build.0 = Release|Any CPU
		{173F5232-CCA6-4B19-AF13-283A41466B71}.Debug|Any CPU.ActiveCfg = Debug|Any CPU
		{173F5232-CCA6-4B19-AF13-283A41466B71}.Debug|Any CPU.Build.0 = Debug|Any CPU
		{173F5232-CCA6-4B19-AF13-283A41466B71}.Release|Any CPU.ActiveCfg = Release|Any CPU
		{173F5232-CCA6-4B19-AF13-283A41466B71}.Release|Any CPU.Build.0 = Release|Any CPU
		{150E0D9B-5788-4FF4-A1B0-137CF943EBA6}.Debug|Any CPU.ActiveCfg = Debug|Any CPU
		{150E0D9B-5788-4FF4-A1B0-137CF943EBA6}.Debug|Any CPU.Build.0 = Debug|Any CPU
		{150E0D9B-5788-4FF4-A1B0-137CF943EBA6}.Release|Any CPU.ActiveCfg = Release|Any CPU
		{150E0D9B-5788-4FF4-A1B0-137CF943EBA6}.Release|Any CPU.Build.0 = Release|Any CPU
		{6BD60AEF-AB35-41F9-A094-E6D0B5D93EA4}.Debug|Any CPU.ActiveCfg = Debug|Any CPU
		{6BD60AEF-AB35-41F9-A094-E6D0B5D93EA4}.Debug|Any CPU.Build.0 = Debug|Any CPU
		{6BD60AEF-AB35-41F9-A094-E6D0B5D93EA4}.Release|Any CPU.ActiveCfg = Release|Any CPU
		{6BD60AEF-AB35-41F9-A094-E6D0B5D93EA4}.Release|Any CPU.Build.0 = Release|Any CPU
		{5E251005-EB2C-420B-85F8-1ED7FD5A5D13}.Debug|Any CPU.ActiveCfg = Debug|Any CPU
		{5E251005-EB2C-420B-85F8-1ED7FD5A5D13}.Debug|Any CPU.Build.0 = Debug|Any CPU
		{5E251005-EB2C-420B-85F8-1ED7FD5A5D13}.Release|Any CPU.ActiveCfg = Release|Any CPU
		{5E251005-EB2C-420B-85F8-1ED7FD5A5D13}.Release|Any CPU.Build.0 = Release|Any CPU
		{9C600E20-296B-4518-A073-7C2B1D792752}.Debug|Any CPU.ActiveCfg = Debug|Any CPU
		{9C600E20-296B-4518-A073-7C2B1D792752}.Debug|Any CPU.Build.0 = Debug|Any CPU
		{9C600E20-296B-4518-A073-7C2B1D792752}.Release|Any CPU.ActiveCfg = Release|Any CPU
		{9C600E20-296B-4518-A073-7C2B1D792752}.Release|Any CPU.Build.0 = Release|Any CPU
		{DD69E7E8-9FE7-42EE-BEE3-38ABB3E32640}.Debug|Any CPU.ActiveCfg = Debug|Any CPU
		{DD69E7E8-9FE7-42EE-BEE3-38ABB3E32640}.Debug|Any CPU.Build.0 = Debug|Any CPU
		{DD69E7E8-9FE7-42EE-BEE3-38ABB3E32640}.Release|Any CPU.ActiveCfg = Release|Any CPU
		{DD69E7E8-9FE7-42EE-BEE3-38ABB3E32640}.Release|Any CPU.Build.0 = Release|Any CPU
		{B8BA4637-7E07-48D2-A0A9-4BAFC6B93414}.Debug|Any CPU.ActiveCfg = Debug|Any CPU
		{B8BA4637-7E07-48D2-A0A9-4BAFC6B93414}.Debug|Any CPU.Build.0 = Debug|Any CPU
		{B8BA4637-7E07-48D2-A0A9-4BAFC6B93414}.Release|Any CPU.ActiveCfg = Release|Any CPU
		{B8BA4637-7E07-48D2-A0A9-4BAFC6B93414}.Release|Any CPU.Build.0 = Release|Any CPU
		{D02E7FE0-0F48-4A32-A6E8-26E21F81C26A}.Debug|Any CPU.ActiveCfg = Debug|Any CPU
		{D02E7FE0-0F48-4A32-A6E8-26E21F81C26A}.Debug|Any CPU.Build.0 = Debug|Any CPU
		{D02E7FE0-0F48-4A32-A6E8-26E21F81C26A}.Release|Any CPU.ActiveCfg = Release|Any CPU
		{D02E7FE0-0F48-4A32-A6E8-26E21F81C26A}.Release|Any CPU.Build.0 = Release|Any CPU
	EndGlobalSection
	GlobalSection(SolutionProperties) = preSolution
		HideSolutionNode = FALSE
	EndGlobalSection
	GlobalSection(ExtensibilityGlobals) = postSolution
		SolutionGuid = {AA55EF3F-BC94-4365-96E2-FB2E0D5A1819}
	EndGlobalSection
EndGlobal
